
Microsoft Visual Studio Solution File, Format Version 12.00
# Visual Studio Version 16
VisualStudioVersion = 16.0.31129.286
MinimumVisualStudioVersion = 10.0.40219.1
Project("{FAE04EC0-301F-11D3-BF4B-00C04F79EFBC}") = "Carts", "Carts.csproj", "{B91CDDF6-448D-412B-ADDA-6DDC2D09F88E}"
EndProject
Global
	GlobalSection(SolutionConfigurationPlatforms) = preSolution
		Debug|Any CPU = Debug|Any CPU
		Release|Any CPU = Release|Any CPU
	EndGlobalSection
	GlobalSection(ProjectConfigurationPlatforms) = postSolution
		{B91CDDF6-448D-412B-ADDA-6DDC2D09F88E}.Debug|Any CPU.ActiveCfg = Debug|Any CPU
		{B91CDDF6-448D-412B-ADDA-6DDC2D09F88E}.Debug|Any CPU.Build.0 = Debug|Any CPU
		{B91CDDF6-448D-412B-ADDA-6DDC2D09F88E}.Release|Any CPU.ActiveCfg = Release|Any CPU
		{B91CDDF6-448D-412B-ADDA-6DDC2D09F88E}.Release|Any CPU.Build.0 = Release|Any CPU
	EndGlobalSection
	GlobalSection(SolutionProperties) = preSolution
		HideSolutionNode = FALSE
	EndGlobalSection
	GlobalSection(ExtensibilityGlobals) = postSolution
		SolutionGuid = {377182AE-B438-4F61-85EB-E31C6ACAD269}
	EndGlobalSection
EndGlobal
